
Microsoft Visual Studio Solution File, Format Version 12.00
# Visual Studio Version 16
VisualStudioVersion = 16.0.32106.194
MinimumVisualStudioVersion = 10.0.40219.1
Project("{FAE04EC0-301F-11D3-BF4B-00C04F79EFBC}") = "homework_2022_01_13", "homework_2022_01_13\homework_2022_01_13.csproj", "{BCE1E42C-A1A5-49EC-A30D-294EC4272E9E}"
EndProject
Global
	GlobalSection(SolutionConfigurationPlatforms) = preSolution
		Debug|Any CPU = Debug|Any CPU
		Release|Any CPU = Release|Any CPU
	EndGlobalSection
	GlobalSection(ProjectConfigurationPlatforms) = postSolution
		{BCE1E42C-A1A5-49EC-A30D-294EC4272E9E}.Debug|Any CPU.ActiveCfg = Debug|Any CPU
		{BCE1E42C-A1A5-49EC-A30D-294EC4272E9E}.Debug|Any CPU.Build.0 = Debug|Any CPU
		{BCE1E42C-A1A5-49EC-A30D-294EC4272E9E}.Release|Any CPU.ActiveCfg = Release|Any CPU
		{BCE1E42C-A1A5-49EC-A30D-294EC4272E9E}.Release|Any CPU.Build.0 = Release|Any CPU
	EndGlobalSection
	GlobalSection(SolutionProperties) = preSolution
		HideSolutionNode = FALSE
	EndGlobalSection
	GlobalSection(ExtensibilityGlobals) = postSolution
		SolutionGuid = {D7B4C526-EB27-485E-99A2-870887407E5D}
	EndGlobalSection
EndGlobal
